
Microsoft Visual Studio Solution File, Format Version 12.00
# Visual Studio Version 17
VisualStudioVersion = 17.3.32611.2
MinimumVisualStudioVersion = 10.0.40219.1
Project("{FAE04EC0-301F-11D3-BF4B-00C04F79EFBC}") = "RecordKeeperWinForm", "RecordKeeperWinForm\RecordKeeperWinForm.csproj", "{A9E6377F-E57B-40C6-A0B0-0000EB93917A}"
EndProject
Global
	GlobalSection(SolutionConfigurationPlatforms) = preSolution
		Debug|Any CPU = Debug|Any CPU
		Release|Any CPU = Release|Any CPU
	EndGlobalSection
	GlobalSection(ProjectConfigurationPlatforms) = postSolution
		{A9E6377F-E57B-40C6-A0B0-0000EB93917A}.Debug|Any CPU.ActiveCfg = Debug|Any CPU
		{A9E6377F-E57B-40C6-A0B0-0000EB93917A}.Debug|Any CPU.Build.0 = Debug|Any CPU
		{A9E6377F-E57B-40C6-A0B0-0000EB93917A}.Release|Any CPU.ActiveCfg = Release|Any CPU
		{A9E6377F-E57B-40C6-A0B0-0000EB93917A}.Release|Any CPU.Build.0 = Release|Any CPU
	EndGlobalSection
	GlobalSection(SolutionProperties) = preSolution
		HideSolutionNode = FALSE
	EndGlobalSection
	GlobalSection(ExtensibilityGlobals) = postSolution
		SolutionGuid = {C434C802-E56C-474E-9F9E-78E4349FDDD4}
	EndGlobalSection
EndGlobal
