
Microsoft Visual Studio Solution File, Format Version 12.00
# Visual Studio Version 17
VisualStudioVersion = 17.3.32611.2
MinimumVisualStudioVersion = 10.0.40219.1
Project("{FAE04EC0-301F-11D3-BF4B-00C04F79EFBC}") = "HelloWorldWinForms", "HelloWorldWinForms\HelloWorldWinForms.csproj", "{81F1CDD3-4917-4B37-925D-A62A5B71F599}"
EndProject
Global
	GlobalSection(SolutionConfigurationPlatforms) = preSolution
		Debug|Any CPU = Debug|Any CPU
		Release|Any CPU = Release|Any CPU
	EndGlobalSection
	GlobalSection(ProjectConfigurationPlatforms) = postSolution
		{81F1CDD3-4917-4B37-925D-A62A5B71F599}.Debug|Any CPU.ActiveCfg = Debug|Any CPU
		{81F1CDD3-4917-4B37-925D-A62A5B71F599}.Debug|Any CPU.Build.0 = Debug|Any CPU
		{81F1CDD3-4917-4B37-925D-A62A5B71F599}.Release|Any CPU.ActiveCfg = Release|Any CPU
		{81F1CDD3-4917-4B37-925D-A62A5B71F599}.Release|Any CPU.Build.0 = Release|Any CPU
	EndGlobalSection
	GlobalSection(SolutionProperties) = preSolution
		HideSolutionNode = FALSE
	EndGlobalSection
	GlobalSection(ExtensibilityGlobals) = postSolution
		SolutionGuid = {3E44125F-5B35-4438-8FC2-9B4CBB1F88EF}
	EndGlobalSection
EndGlobal
