
Microsoft Visual Studio Solution File, Format Version 12.00
# Visual Studio Version 17
VisualStudioVersion = 17.3.32611.2
MinimumVisualStudioVersion = 10.0.40219.1
Project("{9A19103F-16F7-4668-BE54-9A1E7A4F7556}") = "TicTacToe", "TicTacToe\TicTacToe.csproj", "{3D2C7CED-FEC9-42DA-9520-1CA8D710AED2}"
EndProject
Project("{9A19103F-16F7-4668-BE54-9A1E7A4F7556}") = "TicTacToeSystem", "TicTacToeSystem\TicTacToeSystem.csproj", "{35EAA144-E6F2-4A20-9593-E97FB802EF2B}"
EndProject
Project("{9A19103F-16F7-4668-BE54-9A1E7A4F7556}") = "TicTacToeTest", "TicTacToeTest\TicTacToeTest.csproj", "{45D3BC54-7930-4320-9FA7-220812CCB361}"
EndProject
Project("{FAE04EC0-301F-11D3-BF4B-00C04F79EFBC}") = "TicTacToeMaui", "TicTacToeMaui\TicTacToeMaui.csproj", "{DA7DF6D2-8C6F-4E8E-9595-DE0ADFE67C50}"
EndProject
Global
	GlobalSection(SolutionConfigurationPlatforms) = preSolution
		Debug|Any CPU = Debug|Any CPU
		Release|Any CPU = Release|Any CPU
	EndGlobalSection
	GlobalSection(ProjectConfigurationPlatforms) = postSolution
		{3D2C7CED-FEC9-42DA-9520-1CA8D710AED2}.Debug|Any CPU.ActiveCfg = Debug|Any CPU
		{3D2C7CED-FEC9-42DA-9520-1CA8D710AED2}.Debug|Any CPU.Build.0 = Debug|Any CPU
		{3D2C7CED-FEC9-42DA-9520-1CA8D710AED2}.Release|Any CPU.ActiveCfg = Release|Any CPU
		{3D2C7CED-FEC9-42DA-9520-1CA8D710AED2}.Release|Any CPU.Build.0 = Release|Any CPU
		{35EAA144-E6F2-4A20-9593-E97FB802EF2B}.Debug|Any CPU.ActiveCfg = Debug|Any CPU
		{35EAA144-E6F2-4A20-9593-E97FB802EF2B}.Debug|Any CPU.Build.0 = Debug|Any CPU
		{35EAA144-E6F2-4A20-9593-E97FB802EF2B}.Release|Any CPU.ActiveCfg = Release|Any CPU
		{35EAA144-E6F2-4A20-9593-E97FB802EF2B}.Release|Any CPU.Build.0 = Release|Any CPU
		{45D3BC54-7930-4320-9FA7-220812CCB361}.Debug|Any CPU.ActiveCfg = Debug|Any CPU
		{45D3BC54-7930-4320-9FA7-220812CCB361}.Debug|Any CPU.Build.0 = Debug|Any CPU
		{45D3BC54-7930-4320-9FA7-220812CCB361}.Release|Any CPU.ActiveCfg = Release|Any CPU
		{45D3BC54-7930-4320-9FA7-220812CCB361}.Release|Any CPU.Build.0 = Release|Any CPU
		{DA7DF6D2-8C6F-4E8E-9595-DE0ADFE67C50}.Debug|Any CPU.ActiveCfg = Debug|Any CPU
		{DA7DF6D2-8C6F-4E8E-9595-DE0ADFE67C50}.Debug|Any CPU.Build.0 = Debug|Any CPU
		{DA7DF6D2-8C6F-4E8E-9595-DE0ADFE67C50}.Debug|Any CPU.Deploy.0 = Debug|Any CPU
		{DA7DF6D2-8C6F-4E8E-9595-DE0ADFE67C50}.Release|Any CPU.ActiveCfg = Release|Any CPU
		{DA7DF6D2-8C6F-4E8E-9595-DE0ADFE67C50}.Release|Any CPU.Build.0 = Release|Any CPU
		{DA7DF6D2-8C6F-4E8E-9595-DE0ADFE67C50}.Release|Any CPU.Deploy.0 = Release|Any CPU
	EndGlobalSection
	GlobalSection(SolutionProperties) = preSolution
		HideSolutionNode = FALSE
	EndGlobalSection
	GlobalSection(ExtensibilityGlobals) = postSolution
		SolutionGuid = {DA5C37EE-22D9-4B9F-A8DE-9F8FE1C55D78}
	EndGlobalSection
EndGlobal
