
Microsoft Visual Studio Solution File, Format Version 12.00
# Visual Studio Version 17
VisualStudioVersion = 17.3.32611.2
MinimumVisualStudioVersion = 10.0.40219.1
Project("{FAE04EC0-301F-11D3-BF4B-00C04F79EFBC}") = "Calculator", "Calculator\Calculator.csproj", "{9BEED516-54B7-4813-87E1-7167B454CAEA}"
EndProject
Global
	GlobalSection(SolutionConfigurationPlatforms) = preSolution
		Debug|Any CPU = Debug|Any CPU
		Release|Any CPU = Release|Any CPU
	EndGlobalSection
	GlobalSection(ProjectConfigurationPlatforms) = postSolution
		{9BEED516-54B7-4813-87E1-7167B454CAEA}.Debug|Any CPU.ActiveCfg = Debug|Any CPU
		{9BEED516-54B7-4813-87E1-7167B454CAEA}.Debug|Any CPU.Build.0 = Debug|Any CPU
		{9BEED516-54B7-4813-87E1-7167B454CAEA}.Release|Any CPU.ActiveCfg = Release|Any CPU
		{9BEED516-54B7-4813-87E1-7167B454CAEA}.Release|Any CPU.Build.0 = Release|Any CPU
	EndGlobalSection
	GlobalSection(SolutionProperties) = preSolution
		HideSolutionNode = FALSE
	EndGlobalSection
	GlobalSection(ExtensibilityGlobals) = postSolution
		SolutionGuid = {6E88FB48-C83E-4840-B2B3-02AAF711B257}
	EndGlobalSection
EndGlobal
